{
  "version": 4,
  "terraform_version": "1.5.7",
  "serial": 38,
  "lineage": "93ff5294-ce9c-93ef-7495-45b7030d8d2d",
  "outputs": {
    "bastion-target-vm-public-ip": {
      "value": "4.194.146.96",
      "type": "string"
    }
  },
  "resources": [
    {
      "mode": "managed",
      "type": "azurerm_bastion_host",
      "name": "bastion-example",
      "provider": "provider[\"registry.terraform.io/hashicorp/azurerm\"]",
      "instances": []
    },
    {
      "mode": "managed",
      "type": "azurerm_linux_virtual_machine",
      "name": "bastion-target-vm",
      "provider": "provider[\"registry.terraform.io/hashicorp/azurerm\"]",
      "instances": [
        {
          "schema_version": 0,
          "attributes": {
            "additional_capabilities": [],
            "admin_password": null,
            "admin_ssh_key": [
              {
                "public_key": "ssh-rsa AAAAB3NzaC1yc2EAAAADAQABAAABgQDI/uMlEajUusMkmLdHTr0LPcCP2XHkJ8SriD5Mqm+dO3VW4UqNf1dQcX104q7x5MqPjTij/sUR3NYYSQI3ubDQeN9PLFEyK4jSNge/8LX2iKNWwa/4gbVK3Sb2TbTmBszygb3nYCtBkJp9OkdQNeLQ9/2PRlXk93EMpStdJvYTWRV0Cr9pj4NYomjhxf1sUoQKXHQo9iZIv3gzcVuBSmB4LHodTVTUR0Vy0mi0vnypAgdlcjRIfy44JxVwwGEFh1Ky19NZkho/t8DAL2EM7Q3o4uT3baIhe4eYq6BwA9yZQ/5L7lIZ7xf0kp7lb+vMR78+JsbdSCdt5VbR8V5teBTZF1Wvqg0EePmpyubIgD0WGB2goELe0u4jwe5pZUCwrqr11WjDs+l0l4+FRDmxtCGV5M7fuvKUmgXNDTdnyblfDAxkw+5DkxRKPOKlHd1MiSOQkzqBzk/jF3W8ovZia7EyhPcXxg4KRWGlLhmCCKeWuAlV19cwm2jN/zL5Gu6sYN0= malikperang@malikmbp.local\n",
                "username": "azureuser"
              }
            ],
            "admin_username": "azureuser",
            "allow_extension_operations": true,
            "availability_set_id": "",
            "boot_diagnostics": [],
            "bypass_platform_safety_checks_on_user_schedule_enabled": false,
            "capacity_reservation_group_id": "",
            "computer_name": "test-bastion-linuxvm",
            "custom_data": null,
            "dedicated_host_group_id": "",
            "dedicated_host_id": "",
            "disable_password_authentication": true,
            "edge_zone": "",
            "encryption_at_host_enabled": false,
            "eviction_policy": "",
            "extensions_time_budget": "PT1H30M",
            "gallery_application": [],
            "id": "/subscriptions/1afa3e92-9e8a-4062-ac78-f9eedd85216e/resourceGroups/bastion-rg/providers/Microsoft.Compute/virtualMachines/test-bastion-linuxvm",
            "identity": [],
            "license_type": "",
            "location": "southeastasia",
            "max_bid_price": -1,
            "name": "test-bastion-linuxvm",
            "network_interface_ids": [
              "/subscriptions/1afa3e92-9e8a-4062-ac78-f9eedd85216e/resourceGroups/bastion-rg/providers/Microsoft.Network/networkInterfaces/bastion-target-vm-nic"
            ],
            "os_disk": [
              {
                "caching": "ReadWrite",
                "diff_disk_settings": [],
                "disk_encryption_set_id": "",
                "disk_size_gb": 64,
                "name": "test-bastion-linuxvm_OsDisk_1_32d9adb97245432482233ff8db752369",
                "secure_vm_disk_encryption_set_id": "",
                "security_encryption_type": "",
                "storage_account_type": "Standard_LRS",
                "write_accelerator_enabled": false
              }
            ],
            "patch_assessment_mode": "ImageDefault",
            "patch_mode": "ImageDefault",
            "plan": [],
            "platform_fault_domain": -1,
            "priority": "Regular",
            "private_ip_address": "192.168.1.228",
            "private_ip_addresses": [
              "192.168.1.228"
            ],
            "provision_vm_agent": true,
            "proximity_placement_group_id": "",
            "public_ip_address": "4.194.146.96",
            "public_ip_addresses": [
              "4.194.146.96"
            ],
            "reboot_setting": "",
            "resource_group_name": "bastion-rg",
            "secret": [],
            "secure_boot_enabled": false,
            "size": "Standard_DS1_v2",
            "source_image_id": "",
            "source_image_reference": [
              {
                "offer": "RHEL",
                "publisher": "RedHat",
                "sku": "83-gen2",
                "version": "latest"
              }
            ],
            "tags": null,
            "termination_notification": null,
            "timeouts": null,
            "user_data": "",
            "virtual_machine_id": "4813b2c7-2085-4422-ab51-8fb8851f83ef",
            "virtual_machine_scale_set_id": "",
            "vtpm_enabled": false,
            "zone": ""
          },
          "sensitive_attributes": [],
          "private": "eyJlMmJmYjczMC1lY2FhLTExZTYtOGY4OC0zNDM2M2JjN2M0YzAiOnsiY3JlYXRlIjoyNzAwMDAwMDAwMDAwLCJkZWxldGUiOjI3MDAwMDAwMDAwMDAsInJlYWQiOjMwMDAwMDAwMDAwMCwidXBkYXRlIjoyNzAwMDAwMDAwMDAwfX0=",
          "dependencies": [
            "azurerm_network_interface.bastion-target-vm-nic",
            "azurerm_public_ip.bastion-target-vm-public-ip",
            "azurerm_resource_group.bastion-example",
            "azurerm_subnet.bastion-example",
            "azurerm_virtual_network.bastion-example"
          ]
        }
      ]
    },
    {
      "mode": "managed",
      "type": "azurerm_network_interface",
      "name": "bastion-target-vm",
      "provider": "provider[\"registry.terraform.io/hashicorp/azurerm\"]",
      "instances": [
        {
          "schema_version": 0,
          "attributes": {
            "applied_dns_servers": [],
            "auxiliary_mode": "",
            "auxiliary_sku": "",
            "dns_servers": [],
            "edge_zone": "",
            "enable_accelerated_networking": false,
            "enable_ip_forwarding": false,
            "id": "/subscriptions/1afa3e92-9e8a-4062-ac78-f9eedd85216e/resourceGroups/bastion-rg/providers/Microsoft.Network/networkInterfaces/bastion-example-nic",
            "internal_dns_name_label": "",
            "internal_domain_name_suffix": "tguxip0gxvhufp4cc1faerlegg.ix.internal.cloudapp.net",
            "ip_configuration": [
              {
                "gateway_load_balancer_frontend_ip_configuration_id": "",
                "name": "bastion-host-ip-1",
                "primary": true,
                "private_ip_address": "192.168.1.229",
                "private_ip_address_allocation": "Dynamic",
                "private_ip_address_version": "IPv4",
                "public_ip_address_id": "/subscriptions/1afa3e92-9e8a-4062-ac78-f9eedd85216e/resourceGroups/bastion-rg/providers/Microsoft.Network/publicIPAddresses/bastion-public-ip",
                "subnet_id": "/subscriptions/1afa3e92-9e8a-4062-ac78-f9eedd85216e/resourceGroups/bastion-rg/providers/Microsoft.Network/virtualNetworks/bastion-vnet/subnets/AzureBastion-example"
              }
            ],
            "location": "southeastasia",
            "mac_address": "",
            "name": "bastion-example-nic",
            "private_ip_address": "192.168.1.229",
            "private_ip_addresses": [
              "192.168.1.229"
            ],
            "resource_group_name": "bastion-rg",
            "tags": null,
            "timeouts": null,
            "virtual_machine_id": ""
          },
          "sensitive_attributes": [],
          "private": "eyJlMmJmYjczMC1lY2FhLTExZTYtOGY4OC0zNDM2M2JjN2M0YzAiOnsiY3JlYXRlIjoxODAwMDAwMDAwMDAwLCJkZWxldGUiOjE4MDAwMDAwMDAwMDAsInJlYWQiOjMwMDAwMDAwMDAwMCwidXBkYXRlIjoxODAwMDAwMDAwMDAwfX0=",
          "dependencies": [
            "azurerm_public_ip.bastion-example",
            "azurerm_resource_group.bastion-example",
            "azurerm_subnet.bastion-example",
            "azurerm_virtual_network.bastion-example"
          ]
        }
      ]
    },
    {
      "mode": "managed",
      "type": "azurerm_network_interface",
      "name": "bastion-target-vm-nic",
      "provider": "provider[\"registry.terraform.io/hashicorp/azurerm\"]",
      "instances": [
        {
          "schema_version": 0,
          "attributes": {
            "applied_dns_servers": [],
            "auxiliary_mode": "",
            "auxiliary_sku": "",
            "dns_servers": [],
            "edge_zone": "",
            "enable_accelerated_networking": false,
            "enable_ip_forwarding": false,
            "id": "/subscriptions/1afa3e92-9e8a-4062-ac78-f9eedd85216e/resourceGroups/bastion-rg/providers/Microsoft.Network/networkInterfaces/bastion-target-vm-nic",
            "internal_dns_name_label": "",
            "internal_domain_name_suffix": "tguxip0gxvhufp4cc1faerlegg.ix.internal.cloudapp.net",
            "ip_configuration": [
              {
                "gateway_load_balancer_frontend_ip_configuration_id": "",
                "name": "bastion-host-ip-1",
                "primary": true,
                "private_ip_address": "192.168.1.228",
                "private_ip_address_allocation": "Dynamic",
                "private_ip_address_version": "IPv4",
                "public_ip_address_id": "/subscriptions/1afa3e92-9e8a-4062-ac78-f9eedd85216e/resourceGroups/bastion-rg/providers/Microsoft.Network/publicIPAddresses/bastion-target-vm-publicip",
                "subnet_id": "/subscriptions/1afa3e92-9e8a-4062-ac78-f9eedd85216e/resourceGroups/bastion-rg/providers/Microsoft.Network/virtualNetworks/bastion-vnet/subnets/AzureBastion-example"
              }
            ],
            "location": "southeastasia",
            "mac_address": "",
            "name": "bastion-target-vm-nic",
            "private_ip_address": "192.168.1.228",
            "private_ip_addresses": [
              "192.168.1.228"
            ],
            "resource_group_name": "bastion-rg",
            "tags": null,
            "timeouts": null,
            "virtual_machine_id": ""
          },
          "sensitive_attributes": [],
          "private": "eyJlMmJmYjczMC1lY2FhLTExZTYtOGY4OC0zNDM2M2JjN2M0YzAiOnsiY3JlYXRlIjoxODAwMDAwMDAwMDAwLCJkZWxldGUiOjE4MDAwMDAwMDAwMDAsInJlYWQiOjMwMDAwMDAwMDAwMCwidXBkYXRlIjoxODAwMDAwMDAwMDAwfX0=",
          "dependencies": [
            "azurerm_public_ip.bastion-target-vm-public-ip",
            "azurerm_resource_group.bastion-example",
            "azurerm_subnet.bastion-example",
            "azurerm_virtual_network.bastion-example"
          ]
        }
      ]
    },
    {
      "mode": "managed",
      "type": "azurerm_public_ip",
      "name": "bastion-example",
      "provider": "provider[\"registry.terraform.io/hashicorp/azurerm\"]",
      "instances": [
        {
          "schema_version": 0,
          "attributes": {
            "allocation_method": "Static",
            "ddos_protection_mode": "VirtualNetworkInherited",
            "ddos_protection_plan_id": null,
            "domain_name_label": null,
            "edge_zone": "",
            "fqdn": null,
            "id": "/subscriptions/1afa3e92-9e8a-4062-ac78-f9eedd85216e/resourceGroups/bastion-rg/providers/Microsoft.Network/publicIPAddresses/bastion-public-ip",
            "idle_timeout_in_minutes": 4,
            "ip_address": "4.194.146.90",
            "ip_tags": null,
            "ip_version": "IPv4",
            "location": "southeastasia",
            "name": "bastion-public-ip",
            "public_ip_prefix_id": null,
            "resource_group_name": "bastion-rg",
            "reverse_fqdn": null,
            "sku": "Standard",
            "sku_tier": "Regional",
            "tags": null,
            "timeouts": null,
            "zones": null
          },
          "sensitive_attributes": [],
          "private": "eyJlMmJmYjczMC1lY2FhLTExZTYtOGY4OC0zNDM2M2JjN2M0YzAiOnsiY3JlYXRlIjoxODAwMDAwMDAwMDAwLCJkZWxldGUiOjE4MDAwMDAwMDAwMDAsInJlYWQiOjMwMDAwMDAwMDAwMCwidXBkYXRlIjoxODAwMDAwMDAwMDAwfX0=",
          "dependencies": [
            "azurerm_resource_group.bastion-example"
          ]
        }
      ]
    },
    {
      "mode": "managed",
      "type": "azurerm_public_ip",
      "name": "bastion-target-vm-public-ip",
      "provider": "provider[\"registry.terraform.io/hashicorp/azurerm\"]",
      "instances": [
        {
          "schema_version": 0,
          "attributes": {
            "allocation_method": "Static",
            "ddos_protection_mode": "VirtualNetworkInherited",
            "ddos_protection_plan_id": null,
            "domain_name_label": null,
            "edge_zone": "",
            "fqdn": null,
            "id": "/subscriptions/1afa3e92-9e8a-4062-ac78-f9eedd85216e/resourceGroups/bastion-rg/providers/Microsoft.Network/publicIPAddresses/bastion-target-vm-publicip",
            "idle_timeout_in_minutes": 4,
            "ip_address": "4.194.146.96",
            "ip_tags": null,
            "ip_version": "IPv4",
            "location": "southeastasia",
            "name": "bastion-target-vm-publicip",
            "public_ip_prefix_id": null,
            "resource_group_name": "bastion-rg",
            "reverse_fqdn": null,
            "sku": "Standard",
            "sku_tier": "Regional",
            "tags": null,
            "timeouts": null,
            "zones": null
          },
          "sensitive_attributes": [],
          "private": "eyJlMmJmYjczMC1lY2FhLTExZTYtOGY4OC0zNDM2M2JjN2M0YzAiOnsiY3JlYXRlIjoxODAwMDAwMDAwMDAwLCJkZWxldGUiOjE4MDAwMDAwMDAwMDAsInJlYWQiOjMwMDAwMDAwMDAwMCwidXBkYXRlIjoxODAwMDAwMDAwMDAwfX0=",
          "dependencies": [
            "azurerm_resource_group.bastion-example"
          ]
        }
      ]
    },
    {
      "mode": "managed",
      "type": "azurerm_resource_group",
      "name": "bastion-example",
      "provider": "provider[\"registry.terraform.io/hashicorp/azurerm\"]",
      "instances": [
        {
          "schema_version": 0,
          "attributes": {
            "id": "/subscriptions/1afa3e92-9e8a-4062-ac78-f9eedd85216e/resourceGroups/bastion-rg",
            "location": "southeastasia",
            "managed_by": "",
            "name": "bastion-rg",
            "tags": null,
            "timeouts": null
          },
          "sensitive_attributes": [],
          "private": "eyJlMmJmYjczMC1lY2FhLTExZTYtOGY4OC0zNDM2M2JjN2M0YzAiOnsiY3JlYXRlIjo1NDAwMDAwMDAwMDAwLCJkZWxldGUiOjU0MDAwMDAwMDAwMDAsInJlYWQiOjMwMDAwMDAwMDAwMCwidXBkYXRlIjo1NDAwMDAwMDAwMDAwfX0="
        }
      ]
    },
    {
      "mode": "managed",
      "type": "azurerm_subnet",
      "name": "bastion-example",
      "provider": "provider[\"registry.terraform.io/hashicorp/azurerm\"]",
      "instances": [
        {
          "schema_version": 0,
          "attributes": {
            "address_prefixes": [
              "192.168.1.224/27"
            ],
            "delegation": [],
            "enforce_private_link_endpoint_network_policies": false,
            "enforce_private_link_service_network_policies": false,
            "id": "/subscriptions/1afa3e92-9e8a-4062-ac78-f9eedd85216e/resourceGroups/bastion-rg/providers/Microsoft.Network/virtualNetworks/bastion-vnet/subnets/AzureBastion-example",
            "name": "AzureBastion-example",
            "private_endpoint_network_policies_enabled": true,
            "private_link_service_network_policies_enabled": true,
            "resource_group_name": "bastion-rg",
            "service_endpoint_policy_ids": null,
            "service_endpoints": null,
            "timeouts": null,
            "virtual_network_name": "bastion-vnet"
          },
          "sensitive_attributes": [],
          "private": "eyJlMmJmYjczMC1lY2FhLTExZTYtOGY4OC0zNDM2M2JjN2M0YzAiOnsiY3JlYXRlIjoxODAwMDAwMDAwMDAwLCJkZWxldGUiOjE4MDAwMDAwMDAwMDAsInJlYWQiOjMwMDAwMDAwMDAwMCwidXBkYXRlIjoxODAwMDAwMDAwMDAwfX0=",
          "dependencies": [
            "azurerm_resource_group.bastion-example",
            "azurerm_virtual_network.bastion-example"
          ]
        }
      ]
    },
    {
      "mode": "managed",
      "type": "azurerm_virtual_network",
      "name": "bastion-example",
      "provider": "provider[\"registry.terraform.io/hashicorp/azurerm\"]",
      "instances": [
        {
          "schema_version": 0,
          "attributes": {
            "address_space": [
              "192.168.1.0/24"
            ],
            "bgp_community": "",
            "ddos_protection_plan": [],
            "dns_servers": [],
            "edge_zone": "",
            "encryption": [],
            "flow_timeout_in_minutes": 0,
            "guid": "3f74a999-bd46-424f-bfc2-16ca02456436",
            "id": "/subscriptions/1afa3e92-9e8a-4062-ac78-f9eedd85216e/resourceGroups/bastion-rg/providers/Microsoft.Network/virtualNetworks/bastion-vnet",
            "location": "southeastasia",
            "name": "bastion-vnet",
            "resource_group_name": "bastion-rg",
            "subnet": [],
            "tags": null,
            "timeouts": null
          },
          "sensitive_attributes": [],
          "private": "eyJlMmJmYjczMC1lY2FhLTExZTYtOGY4OC0zNDM2M2JjN2M0YzAiOnsiY3JlYXRlIjoxODAwMDAwMDAwMDAwLCJkZWxldGUiOjE4MDAwMDAwMDAwMDAsInJlYWQiOjMwMDAwMDAwMDAwMCwidXBkYXRlIjoxODAwMDAwMDAwMDAwfX0=",
          "dependencies": [
            "azurerm_resource_group.bastion-example"
          ]
        }
      ]
    },
    {
      "mode": "managed",
      "type": "null_resource",
      "name": "name",
      "provider": "provider[\"registry.terraform.io/hashicorp/null\"]",
      "instances": [
        {
          "status": "tainted",
          "schema_version": 0,
          "attributes": {
            "id": "3877993435564230172",
            "triggers": null
          },
          "sensitive_attributes": [],
          "dependencies": [
            "azurerm_linux_virtual_machine.bastion-target-vm",
            "azurerm_network_interface.bastion-target-vm-nic",
            "azurerm_public_ip.bastion-target-vm-public-ip",
            "azurerm_resource_group.bastion-example",
            "azurerm_subnet.bastion-example",
            "azurerm_virtual_network.bastion-example"
          ]
        }
      ]
    }
  ],
  "check_results": null
}
